// !$*UTF8*$!
{
	archiveVersion = 1;
	classes = {
	};
	objectVersion = 51;
	objects = {

/* Begin PBXBuildFile section */
		183B855309CAF378DC275B01 /* Pods_Whatever.framework in Frameworks */ = {isa = PBXBuildFile; fileRef = 43128C2543A405FEB97FF553 /* Pods_Whatever.framework */; };
		205EE75F2338A240006F8B2F /* YourClosetMenuView.swift in Sources */ = {isa = PBXBuildFile; fileRef = 205EE75E2338A240006F8B2F /* YourClosetMenuView.swift */; };
		205EE7612338A539006F8B2F /* YourClosetMenuCollectionViewCell.swift in Sources */ = {isa = PBXBuildFile; fileRef = 205EE7602338A539006F8B2F /* YourClosetMenuCollectionViewCell.swift */; };
		20647355232A207600774F3F /* AuthenticationRepository.swift in Sources */ = {isa = PBXBuildFile; fileRef = 20647354232A207600774F3F /* AuthenticationRepository.swift */; };
		20647358232A2F6700774F3F /* AuthenticationService.swift in Sources */ = {isa = PBXBuildFile; fileRef = 20647357232A2F6700774F3F /* AuthenticationService.swift */; };
		2064735A232A348400774F3F /* AppService.swift in Sources */ = {isa = PBXBuildFile; fileRef = 20647359232A348400774F3F /* AppService.swift */; };
		2073B5A82334835400A896B4 /* YourClosetViewController.swift in Sources */ = {isa = PBXBuildFile; fileRef = 2073B5A72334835400A896B4 /* YourClosetViewController.swift */; };
		2073B5AA2334835F00A896B4 /* YourClosetViewModel.swift in Sources */ = {isa = PBXBuildFile; fileRef = 2073B5A92334835F00A896B4 /* YourClosetViewModel.swift */; };
		2073B5AC233893F500A896B4 /* YourClosetViewController.xib in Resources */ = {isa = PBXBuildFile; fileRef = 2073B5AB233893F500A896B4 /* YourClosetViewController.xib */; };
		2096D0F72332332900325B0A /* VerifyEmailViewModel.swift in Sources */ = {isa = PBXBuildFile; fileRef = 2096D0F62332332900325B0A /* VerifyEmailViewModel.swift */; };
		2096D0FA2332420400325B0A /* ClosetCoordinator.swift in Sources */ = {isa = PBXBuildFile; fileRef = 2096D0F92332420400325B0A /* ClosetCoordinator.swift */; };
		BB064758232E656B0048A29B /* KeychainSecureItem.swift in Sources */ = {isa = PBXBuildFile; fileRef = BB064757232E656B0048A29B /* KeychainSecureItem.swift */; };
		BB06475A232E66450048A29B /* KeychainConfiguration.swift in Sources */ = {isa = PBXBuildFile; fileRef = BB064759232E66450048A29B /* KeychainConfiguration.swift */; };
		BB06475C232E666A0048A29B /* Constants.swift in Sources */ = {isa = PBXBuildFile; fileRef = BB06475B232E666A0048A29B /* Constants.swift */; };
		BB064762232E69A40048A29B /* ForgotPasswordViewController.swift in Sources */ = {isa = PBXBuildFile; fileRef = BB064761232E69A40048A29B /* ForgotPasswordViewController.swift */; };
		BB064764232E69B20048A29B /* ForgotPasswordViewController.xib in Resources */ = {isa = PBXBuildFile; fileRef = BB064763232E69B20048A29B /* ForgotPasswordViewController.xib */; };
		BB064766232E6C390048A29B /* ForgotPasswordViewModel.swift in Sources */ = {isa = PBXBuildFile; fileRef = BB064765232E6C390048A29B /* ForgotPasswordViewModel.swift */; };
		BB2840E02323A8BC00FEC5B0 /* Heading1.swift in Sources */ = {isa = PBXBuildFile; fileRef = BB2840DF2323A8BC00FEC5B0 /* Heading1.swift */; };
		BB2840E22323A8E700FEC5B0 /* Heading2.swift in Sources */ = {isa = PBXBuildFile; fileRef = BB2840E12323A8E700FEC5B0 /* Heading2.swift */; };
		BB2840E42323A91700FEC5B0 /* Heading3.swift in Sources */ = {isa = PBXBuildFile; fileRef = BB2840E32323A91700FEC5B0 /* Heading3.swift */; };
		BB2840E62323A94900FEC5B0 /* Heading4.swift in Sources */ = {isa = PBXBuildFile; fileRef = BB2840E52323A94900FEC5B0 /* Heading4.swift */; };
		BB2840E82323A98100FEC5B0 /* Body.swift in Sources */ = {isa = PBXBuildFile; fileRef = BB2840E72323A98100FEC5B0 /* Body.swift */; };
		BB2840EA2323A9A800FEC5B0 /* Label1.swift in Sources */ = {isa = PBXBuildFile; fileRef = BB2840E92323A9A800FEC5B0 /* Label1.swift */; };
		BB2840EC2323A9CF00FEC5B0 /* Label2.swift in Sources */ = {isa = PBXBuildFile; fileRef = BB2840EB2323A9CF00FEC5B0 /* Label2.swift */; };
		BB2840EE2323ADF100FEC5B0 /* SecondaryButton.swift in Sources */ = {isa = PBXBuildFile; fileRef = BB2840ED2323ADF100FEC5B0 /* SecondaryButton.swift */; };
		BB2840F02323AFAD00FEC5B0 /* IntroductionPageViewModel.swift in Sources */ = {isa = PBXBuildFile; fileRef = BB2840EF2323AFAD00FEC5B0 /* IntroductionPageViewModel.swift */; };
		BB2840F42323C4B000FEC5B0 /* IntroductionDescriptionViewController.swift in Sources */ = {isa = PBXBuildFile; fileRef = BB2840F32323C4B000FEC5B0 /* IntroductionDescriptionViewController.swift */; };
		BB2840F72323C60800FEC5B0 /* IntroductionDescriptionViewController.xib in Resources */ = {isa = PBXBuildFile; fileRef = BB2840F62323C60800FEC5B0 /* IntroductionDescriptionViewController.xib */; };
		BB2840F82323C75F00FEC5B0 /* Localizable.strings in Resources */ = {isa = PBXBuildFile; fileRef = BB2840FA2323C75F00FEC5B0 /* Localizable.strings */; };
		BB2840FC2323E76B00FEC5B0 /* TertiaryButton.swift in Sources */ = {isa = PBXBuildFile; fileRef = BB2840FB2323E76B00FEC5B0 /* TertiaryButton.swift */; };
		BB2840FD2323F21600FEC5B0 /* SourceSansPro-Regular.ttf in Resources */ = {isa = PBXBuildFile; fileRef = BBA41079232367F200631E73 /* SourceSansPro-Regular.ttf */; };
		BB2840FE2323F21900FEC5B0 /* SourceSansPro-RegularItalic.ttf in Resources */ = {isa = PBXBuildFile; fileRef = BBA4107B232367F300631E73 /* SourceSansPro-RegularItalic.ttf */; };
		BB2840FF2323F21B00FEC5B0 /* SourceSansPro-SemiBold.ttf in Resources */ = {isa = PBXBuildFile; fileRef = BBA41080232367F300631E73 /* SourceSansPro-SemiBold.ttf */; };
		BB2841002323F21D00FEC5B0 /* SourceSansPro-SemiBoldItalic.ttf in Resources */ = {isa = PBXBuildFile; fileRef = BBA41081232367F300631E73 /* SourceSansPro-SemiBoldItalic.ttf */; };
		BB2841012323F29200FEC5B0 /* SourceSansPro-Bold.ttf in Resources */ = {isa = PBXBuildFile; fileRef = BBA41077232367F200631E73 /* SourceSansPro-Bold.ttf */; };
		BB2841042323F6A700FEC5B0 /* TextField.swift in Sources */ = {isa = PBXBuildFile; fileRef = BB2841032323F6A700FEC5B0 /* TextField.swift */; };
		BB28410623248D8D00FEC5B0 /* UILabel+LineSpacing.swift in Sources */ = {isa = PBXBuildFile; fileRef = BB28410523248D8D00FEC5B0 /* UILabel+LineSpacing.swift */; };
		BB28410823248ECF00FEC5B0 /* Caption1.swift in Sources */ = {isa = PBXBuildFile; fileRef = BB28410723248ECF00FEC5B0 /* Caption1.swift */; };
		BB28410A23248F8100FEC5B0 /* UIView+FromNib.swift in Sources */ = {isa = PBXBuildFile; fileRef = BB28410923248F8100FEC5B0 /* UIView+FromNib.swift */; };
		BB28410E23248FE300FEC5B0 /* MainCoordinator.swift in Sources */ = {isa = PBXBuildFile; fileRef = BB28410D23248FE300FEC5B0 /* MainCoordinator.swift */; };
		BB2841112324906B00FEC5B0 /* TabBarController.swift in Sources */ = {isa = PBXBuildFile; fileRef = BB2841102324906B00FEC5B0 /* TabBarController.swift */; };
		BB36AA0423F41234002242E1 /* GoogleService-Info.plist in Resources */ = {isa = PBXBuildFile; fileRef = BB36AA0323F41234002242E1 /* GoogleService-Info.plist */; };
		BB36AA0523F41234002242E1 /* GoogleService-Info.plist in Resources */ = {isa = PBXBuildFile; fileRef = BB36AA0323F41234002242E1 /* GoogleService-Info.plist */; };
		BB3DFB312348C56900A541B1 /* ImagePicker.swift in Sources */ = {isa = PBXBuildFile; fileRef = BB3DFB302348C56900A541B1 /* ImagePicker.swift */; };
		BB4775B42323943C00678E5A /* UIView+Image.swift in Sources */ = {isa = PBXBuildFile; fileRef = BB4775B32323943C00678E5A /* UIView+Image.swift */; };
		BB622E9D23239C9000696F52 /* IntroductionPageViewController.swift in Sources */ = {isa = PBXBuildFile; fileRef = BB622E9C23239C9000696F52 /* IntroductionPageViewController.swift */; };
		BB622E9F2323A00A00696F52 /* IntroductionLogoViewController.swift in Sources */ = {isa = PBXBuildFile; fileRef = BB622E9E2323A00A00696F52 /* IntroductionLogoViewController.swift */; };
		BB622EA12323A01A00696F52 /* IntroductionLogoViewController.xib in Resources */ = {isa = PBXBuildFile; fileRef = BB622EA02323A01A00696F52 /* IntroductionLogoViewController.xib */; };
		BB80CAAF232916F0005EFB00 /* Caption2.swift in Sources */ = {isa = PBXBuildFile; fileRef = BB80CAAE232916F0005EFB00 /* Caption2.swift */; };
		BB80CAB223291F57005EFB00 /* CreateAccountViewController.swift in Sources */ = {isa = PBXBuildFile; fileRef = BB80CAB123291F57005EFB00 /* CreateAccountViewController.swift */; };
		BB80CAB423291F64005EFB00 /* CreateAccountViewController.xib in Resources */ = {isa = PBXBuildFile; fileRef = BB80CAB323291F64005EFB00 /* CreateAccountViewController.xib */; };
		BB80CAB723292758005EFB00 /* VerifyEmailViewController.xib in Resources */ = {isa = PBXBuildFile; fileRef = BB80CAB623292758005EFB00 /* VerifyEmailViewController.xib */; };
		BB80CAB92329289B005EFB00 /* VerifyEmailViewController.swift in Sources */ = {isa = PBXBuildFile; fileRef = BB80CAB82329289B005EFB00 /* VerifyEmailViewController.swift */; };
		BB80CABB23292A79005EFB00 /* CreateAccountViewModel.swift in Sources */ = {isa = PBXBuildFile; fileRef = BB80CABA23292A79005EFB00 /* CreateAccountViewModel.swift */; };
		BB80CABF232D2924005EFB00 /* Validation.swift in Sources */ = {isa = PBXBuildFile; fileRef = BB80CABE232D2924005EFB00 /* Validation.swift */; };
		BB80CAC1232E6187005EFB00 /* RxStore.swift in Sources */ = {isa = PBXBuildFile; fileRef = BB80CAC0232E6186005EFB00 /* RxStore.swift */; };
		BB80CAC3232E6254005EFB00 /* ApplicationError.swift in Sources */ = {isa = PBXBuildFile; fileRef = BB80CAC2232E6254005EFB00 /* ApplicationError.swift */; };
		BB9DFB71233E22BD0050F2AA /* YourClosetMenuCollectionViewCell.xib in Resources */ = {isa = PBXBuildFile; fileRef = BB9DFB70233E22BD0050F2AA /* YourClosetMenuCollectionViewCell.xib */; };
		BB9DFB74233E240C0050F2AA /* UITableViewCell+ReusableCell.swift in Sources */ = {isa = PBXBuildFile; fileRef = BB9DFB73233E240C0050F2AA /* UITableViewCell+ReusableCell.swift */; };
		BB9DFB76233E241B0050F2AA /* UITableView+ReusableCell.swift in Sources */ = {isa = PBXBuildFile; fileRef = BB9DFB75233E241B0050F2AA /* UITableView+ReusableCell.swift */; };
		BB9DFB78233E253B0050F2AA /* UICollectionReusableView+ReusableCell.swift in Sources */ = {isa = PBXBuildFile; fileRef = BB9DFB77233E253B0050F2AA /* UICollectionReusableView+ReusableCell.swift */; };
		BB9DFB7A233E25D50050F2AA /* UICollectionView+ReusableCell.swift in Sources */ = {isa = PBXBuildFile; fileRef = BB9DFB79233E25D50050F2AA /* UICollectionView+ReusableCell.swift */; };
		BB9DFB7C233E264D0050F2AA /* UICollectionViewCell+ReusableCell.swift in Sources */ = {isa = PBXBuildFile; fileRef = BB9DFB7B233E264D0050F2AA /* UICollectionViewCell+ReusableCell.swift */; };
		BB9DFB812340DBA20050F2AA /* ProfileCoordinator.swift in Sources */ = {isa = PBXBuildFile; fileRef = BB9DFB802340DBA20050F2AA /* ProfileCoordinator.swift */; };
		BB9DFB9023418CE80050F2AA /* YourProfileHeaderView.swift in Sources */ = {isa = PBXBuildFile; fileRef = BB9DFB8C23418CE80050F2AA /* YourProfileHeaderView.swift */; };
		BB9DFB9123418CE80050F2AA /* YourProfileHeaderView.xib in Resources */ = {isa = PBXBuildFile; fileRef = BB9DFB8D23418CE80050F2AA /* YourProfileHeaderView.xib */; };
		BB9DFB9223418CE80050F2AA /* YourProfileViewController.xib in Resources */ = {isa = PBXBuildFile; fileRef = BB9DFB8E23418CE80050F2AA /* YourProfileViewController.xib */; };
		BB9DFB9323418CE80050F2AA /* YourProfileViewController.swift in Sources */ = {isa = PBXBuildFile; fileRef = BB9DFB8F23418CE80050F2AA /* YourProfileViewController.swift */; };
		BBA41042232343AB00631E73 /* AppDelegate.swift in Sources */ = {isa = PBXBuildFile; fileRef = BBA41041232343AB00631E73 /* AppDelegate.swift */; };
		BBA41049232343AE00631E73 /* Assets.xcassets in Resources */ = {isa = PBXBuildFile; fileRef = BBA41048232343AE00631E73 /* Assets.xcassets */; };
		BBA4104C232343AE00631E73 /* LaunchScreen.storyboard in Resources */ = {isa = PBXBuildFile; fileRef = BBA4104A232343AE00631E73 /* LaunchScreen.storyboard */; };
		BBA41057232343AF00631E73 /* WhateverTests.swift in Sources */ = {isa = PBXBuildFile; fileRef = BBA41056232343AF00631E73 /* WhateverTests.swift */; };
		BBA41063232361FB00631E73 /* UIColor+Theme.swift in Sources */ = {isa = PBXBuildFile; fileRef = BBA41062232361FB00631E73 /* UIColor+Theme.swift */; };
		BBA410662323636B00631E73 /* AppCoordinator.swift in Sources */ = {isa = PBXBuildFile; fileRef = BBA410652323636B00631E73 /* AppCoordinator.swift */; };
		BBA410682323648100631E73 /* AppViewController.swift in Sources */ = {isa = PBXBuildFile; fileRef = BBA410672323648100631E73 /* AppViewController.swift */; };
		BBA4106D232365B400631E73 /* ScaledFont.swift in Sources */ = {isa = PBXBuildFile; fileRef = BBA4106C232365B400631E73 /* ScaledFont.swift */; };
		BBA4106F2323665A00631E73 /* Fonts.plist in Resources */ = {isa = PBXBuildFile; fileRef = BBA4106E2323665A00631E73 /* Fonts.plist */; };
		BBA41075232366E400631E73 /* DMSerifDisplay-Regular.ttf in Resources */ = {isa = PBXBuildFile; fileRef = BBA41072232366D800631E73 /* DMSerifDisplay-Regular.ttf */; };
		BBA410832323690B00631E73 /* LoginViewController.swift in Sources */ = {isa = PBXBuildFile; fileRef = BBA410822323690B00631E73 /* LoginViewController.swift */; };
		BBA410852323691600631E73 /* LoginViewModel.swift in Sources */ = {isa = PBXBuildFile; fileRef = BBA410842323691600631E73 /* LoginViewModel.swift */; };
		BBA41087232369F500631E73 /* AuthenticationCoordinator.swift in Sources */ = {isa = PBXBuildFile; fileRef = BBA41086232369F500631E73 /* AuthenticationCoordinator.swift */; };
		BBA4108A23236AEF00631E73 /* NavigationController.swift in Sources */ = {isa = PBXBuildFile; fileRef = BBA4108923236AEF00631E73 /* NavigationController.swift */; };
		BBA4108C23236D0100631E73 /* UIImage+Theme.swift in Sources */ = {isa = PBXBuildFile; fileRef = BBA4108B23236D0100631E73 /* UIImage+Theme.swift */; };
		BBA4108E23236E4B00631E73 /* LoginViewController.xib in Resources */ = {isa = PBXBuildFile; fileRef = BBA4108D23236E4B00631E73 /* LoginViewController.xib */; };
		BBA41093232372E000631E73 /* PrimaryButton.swift in Sources */ = {isa = PBXBuildFile; fileRef = BBA41092232372E000631E73 /* PrimaryButton.swift */; };
/* End PBXBuildFile section */

/* Begin PBXContainerItemProxy section */
		BBA41053232343AF00631E73 /* PBXContainerItemProxy */ = {
			isa = PBXContainerItemProxy;
			containerPortal = BBA41036232343AB00631E73 /* Project object */;
			proxyType = 1;
			remoteGlobalIDString = BBA4103D232343AB00631E73;
			remoteInfo = Whatever;
		};
/* End PBXContainerItemProxy section */

/* Begin PBXFileReference section */
		0EE8043061464FB91750F245 /* Pods-Whatever.release.xcconfig */ = {isa = PBXFileReference; includeInIndex = 1; lastKnownFileType = text.xcconfig; name = "Pods-Whatever.release.xcconfig"; path = "Target Support Files/Pods-Whatever/Pods-Whatever.release.xcconfig"; sourceTree = "<group>"; };
		205EE75E2338A240006F8B2F /* YourClosetMenuView.swift */ = {isa = PBXFileReference; lastKnownFileType = sourcecode.swift; path = YourClosetMenuView.swift; sourceTree = "<group>"; };
		205EE7602338A539006F8B2F /* YourClosetMenuCollectionViewCell.swift */ = {isa = PBXFileReference; lastKnownFileType = sourcecode.swift; path = YourClosetMenuCollectionViewCell.swift; sourceTree = "<group>"; };
		20647354232A207600774F3F /* AuthenticationRepository.swift */ = {isa = PBXFileReference; lastKnownFileType = sourcecode.swift; path = AuthenticationRepository.swift; sourceTree = "<group>"; };
		20647357232A2F6700774F3F /* AuthenticationService.swift */ = {isa = PBXFileReference; lastKnownFileType = sourcecode.swift; path = AuthenticationService.swift; sourceTree = "<group>"; };
		20647359232A348400774F3F /* AppService.swift */ = {isa = PBXFileReference; lastKnownFileType = sourcecode.swift; path = AppService.swift; sourceTree = "<group>"; };
		2073B5A72334835400A896B4 /* YourClosetViewController.swift */ = {isa = PBXFileReference; lastKnownFileType = sourcecode.swift; path = YourClosetViewController.swift; sourceTree = "<group>"; };
		2073B5A92334835F00A896B4 /* YourClosetViewModel.swift */ = {isa = PBXFileReference; lastKnownFileType = sourcecode.swift; path = YourClosetViewModel.swift; sourceTree = "<group>"; };
		2073B5AB233893F500A896B4 /* YourClosetViewController.xib */ = {isa = PBXFileReference; lastKnownFileType = file.xib; path = YourClosetViewController.xib; sourceTree = "<group>"; };
		2096D0F62332332900325B0A /* VerifyEmailViewModel.swift */ = {isa = PBXFileReference; lastKnownFileType = sourcecode.swift; path = VerifyEmailViewModel.swift; sourceTree = "<group>"; };
		2096D0F92332420400325B0A /* ClosetCoordinator.swift */ = {isa = PBXFileReference; lastKnownFileType = sourcecode.swift; path = ClosetCoordinator.swift; sourceTree = "<group>"; };
		43128C2543A405FEB97FF553 /* Pods_Whatever.framework */ = {isa = PBXFileReference; explicitFileType = wrapper.framework; includeInIndex = 0; path = Pods_Whatever.framework; sourceTree = BUILT_PRODUCTS_DIR; };
		4502A23CECBA22D1DB4B6972 /* Pods-Whatever.debug.xcconfig */ = {isa = PBXFileReference; includeInIndex = 1; lastKnownFileType = text.xcconfig; name = "Pods-Whatever.debug.xcconfig"; path = "Target Support Files/Pods-Whatever/Pods-Whatever.debug.xcconfig"; sourceTree = "<group>"; };
		BB064757232E656B0048A29B /* KeychainSecureItem.swift */ = {isa = PBXFileReference; lastKnownFileType = sourcecode.swift; path = KeychainSecureItem.swift; sourceTree = "<group>"; };
		BB064759232E66450048A29B /* KeychainConfiguration.swift */ = {isa = PBXFileReference; lastKnownFileType = sourcecode.swift; path = KeychainConfiguration.swift; sourceTree = "<group>"; };
		BB06475B232E666A0048A29B /* Constants.swift */ = {isa = PBXFileReference; lastKnownFileType = sourcecode.swift; path = Constants.swift; sourceTree = "<group>"; };
		BB064761232E69A40048A29B /* ForgotPasswordViewController.swift */ = {isa = PBXFileReference; lastKnownFileType = sourcecode.swift; path = ForgotPasswordViewController.swift; sourceTree = "<group>"; };
		BB064763232E69B20048A29B /* ForgotPasswordViewController.xib */ = {isa = PBXFileReference; lastKnownFileType = file.xib; path = ForgotPasswordViewController.xib; sourceTree = "<group>"; };
		BB064765232E6C390048A29B /* ForgotPasswordViewModel.swift */ = {isa = PBXFileReference; lastKnownFileType = sourcecode.swift; path = ForgotPasswordViewModel.swift; sourceTree = "<group>"; };
		BB2840DF2323A8BC00FEC5B0 /* Heading1.swift */ = {isa = PBXFileReference; lastKnownFileType = sourcecode.swift; path = Heading1.swift; sourceTree = "<group>"; };
		BB2840E12323A8E700FEC5B0 /* Heading2.swift */ = {isa = PBXFileReference; lastKnownFileType = sourcecode.swift; path = Heading2.swift; sourceTree = "<group>"; };
		BB2840E32323A91700FEC5B0 /* Heading3.swift */ = {isa = PBXFileReference; lastKnownFileType = sourcecode.swift; path = Heading3.swift; sourceTree = "<group>"; };
		BB2840E52323A94900FEC5B0 /* Heading4.swift */ = {isa = PBXFileReference; lastKnownFileType = sourcecode.swift; path = Heading4.swift; sourceTree = "<group>"; };
		BB2840E72323A98100FEC5B0 /* Body.swift */ = {isa = PBXFileReference; lastKnownFileType = sourcecode.swift; path = Body.swift; sourceTree = "<group>"; };
		BB2840E92323A9A800FEC5B0 /* Label1.swift */ = {isa = PBXFileReference; lastKnownFileType = sourcecode.swift; path = Label1.swift; sourceTree = "<group>"; };
		BB2840EB2323A9CF00FEC5B0 /* Label2.swift */ = {isa = PBXFileReference; lastKnownFileType = sourcecode.swift; path = Label2.swift; sourceTree = "<group>"; };
		BB2840ED2323ADF100FEC5B0 /* SecondaryButton.swift */ = {isa = PBXFileReference; lastKnownFileType = sourcecode.swift; path = SecondaryButton.swift; sourceTree = "<group>"; };
		BB2840EF2323AFAD00FEC5B0 /* IntroductionPageViewModel.swift */ = {isa = PBXFileReference; lastKnownFileType = sourcecode.swift; path = IntroductionPageViewModel.swift; sourceTree = "<group>"; };
		BB2840F32323C4B000FEC5B0 /* IntroductionDescriptionViewController.swift */ = {isa = PBXFileReference; lastKnownFileType = sourcecode.swift; path = IntroductionDescriptionViewController.swift; sourceTree = "<group>"; };
		BB2840F62323C60800FEC5B0 /* IntroductionDescriptionViewController.xib */ = {isa = PBXFileReference; lastKnownFileType = file.xib; path = IntroductionDescriptionViewController.xib; sourceTree = "<group>"; };
		BB2840F92323C75F00FEC5B0 /* en */ = {isa = PBXFileReference; lastKnownFileType = text.plist.strings; name = en; path = en.lproj/Localizable.strings; sourceTree = "<group>"; };
		BB2840FB2323E76B00FEC5B0 /* TertiaryButton.swift */ = {isa = PBXFileReference; lastKnownFileType = sourcecode.swift; path = TertiaryButton.swift; sourceTree = "<group>"; };
		BB2841032323F6A700FEC5B0 /* TextField.swift */ = {isa = PBXFileReference; lastKnownFileType = sourcecode.swift; path = TextField.swift; sourceTree = "<group>"; };
		BB28410523248D8D00FEC5B0 /* UILabel+LineSpacing.swift */ = {isa = PBXFileReference; lastKnownFileType = sourcecode.swift; path = "UILabel+LineSpacing.swift"; sourceTree = "<group>"; };
		BB28410723248ECF00FEC5B0 /* Caption1.swift */ = {isa = PBXFileReference; lastKnownFileType = sourcecode.swift; path = Caption1.swift; sourceTree = "<group>"; };
		BB28410923248F8100FEC5B0 /* UIView+FromNib.swift */ = {isa = PBXFileReference; lastKnownFileType = sourcecode.swift; path = "UIView+FromNib.swift"; sourceTree = "<group>"; };
		BB28410D23248FE300FEC5B0 /* MainCoordinator.swift */ = {isa = PBXFileReference; lastKnownFileType = sourcecode.swift; path = MainCoordinator.swift; sourceTree = "<group>"; };
		BB2841102324906B00FEC5B0 /* TabBarController.swift */ = {isa = PBXFileReference; lastKnownFileType = sourcecode.swift; path = TabBarController.swift; sourceTree = "<group>"; };
		BB36AA0323F41234002242E1 /* GoogleService-Info.plist */ = {isa = PBXFileReference; fileEncoding = 4; lastKnownFileType = text.plist.xml; path = "GoogleService-Info.plist"; sourceTree = "<group>"; };
		BB3DFB302348C56900A541B1 /* ImagePicker.swift */ = {isa = PBXFileReference; lastKnownFileType = sourcecode.swift; path = ImagePicker.swift; sourceTree = "<group>"; };
		BB4775B32323943C00678E5A /* UIView+Image.swift */ = {isa = PBXFileReference; lastKnownFileType = sourcecode.swift; path = "UIView+Image.swift"; sourceTree = "<group>"; };
		BB622E9C23239C9000696F52 /* IntroductionPageViewController.swift */ = {isa = PBXFileReference; lastKnownFileType = sourcecode.swift; path = IntroductionPageViewController.swift; sourceTree = "<group>"; };
		BB622E9E2323A00A00696F52 /* IntroductionLogoViewController.swift */ = {isa = PBXFileReference; lastKnownFileType = sourcecode.swift; path = IntroductionLogoViewController.swift; sourceTree = "<group>"; };
		BB622EA02323A01A00696F52 /* IntroductionLogoViewController.xib */ = {isa = PBXFileReference; lastKnownFileType = file.xib; path = IntroductionLogoViewController.xib; sourceTree = "<group>"; };
		BB80CAAE232916F0005EFB00 /* Caption2.swift */ = {isa = PBXFileReference; lastKnownFileType = sourcecode.swift; path = Caption2.swift; sourceTree = "<group>"; };
		BB80CAB123291F57005EFB00 /* CreateAccountViewController.swift */ = {isa = PBXFileReference; lastKnownFileType = sourcecode.swift; path = CreateAccountViewController.swift; sourceTree = "<group>"; };
		BB80CAB323291F64005EFB00 /* CreateAccountViewController.xib */ = {isa = PBXFileReference; lastKnownFileType = file.xib; path = CreateAccountViewController.xib; sourceTree = "<group>"; };
		BB80CAB623292758005EFB00 /* VerifyEmailViewController.xib */ = {isa = PBXFileReference; lastKnownFileType = file.xib; path = VerifyEmailViewController.xib; sourceTree = "<group>"; };
		BB80CAB82329289B005EFB00 /* VerifyEmailViewController.swift */ = {isa = PBXFileReference; lastKnownFileType = sourcecode.swift; path = VerifyEmailViewController.swift; sourceTree = "<group>"; };
		BB80CABA23292A79005EFB00 /* CreateAccountViewModel.swift */ = {isa = PBXFileReference; lastKnownFileType = sourcecode.swift; path = CreateAccountViewModel.swift; sourceTree = "<group>"; };
		BB80CABE232D2924005EFB00 /* Validation.swift */ = {isa = PBXFileReference; lastKnownFileType = sourcecode.swift; path = Validation.swift; sourceTree = "<group>"; };
		BB80CAC0232E6186005EFB00 /* RxStore.swift */ = {isa = PBXFileReference; lastKnownFileType = sourcecode.swift; path = RxStore.swift; sourceTree = "<group>"; };
		BB80CAC2232E6254005EFB00 /* ApplicationError.swift */ = {isa = PBXFileReference; lastKnownFileType = sourcecode.swift; path = ApplicationError.swift; sourceTree = "<group>"; };
		BB88B0DB2328F8FC00F72013 /* Whatever.entitlements */ = {isa = PBXFileReference; lastKnownFileType = text.plist.entitlements; path = Whatever.entitlements; sourceTree = "<group>"; };
		BB9DFB70233E22BD0050F2AA /* YourClosetMenuCollectionViewCell.xib */ = {isa = PBXFileReference; lastKnownFileType = file.xib; path = YourClosetMenuCollectionViewCell.xib; sourceTree = "<group>"; };
		BB9DFB73233E240C0050F2AA /* UITableViewCell+ReusableCell.swift */ = {isa = PBXFileReference; lastKnownFileType = sourcecode.swift; path = "UITableViewCell+ReusableCell.swift"; sourceTree = "<group>"; };
		BB9DFB75233E241B0050F2AA /* UITableView+ReusableCell.swift */ = {isa = PBXFileReference; lastKnownFileType = sourcecode.swift; path = "UITableView+ReusableCell.swift"; sourceTree = "<group>"; };
		BB9DFB77233E253B0050F2AA /* UICollectionReusableView+ReusableCell.swift */ = {isa = PBXFileReference; lastKnownFileType = sourcecode.swift; path = "UICollectionReusableView+ReusableCell.swift"; sourceTree = "<group>"; };
		BB9DFB79233E25D50050F2AA /* UICollectionView+ReusableCell.swift */ = {isa = PBXFileReference; lastKnownFileType = sourcecode.swift; path = "UICollectionView+ReusableCell.swift"; sourceTree = "<group>"; };
		BB9DFB7B233E264D0050F2AA /* UICollectionViewCell+ReusableCell.swift */ = {isa = PBXFileReference; lastKnownFileType = sourcecode.swift; path = "UICollectionViewCell+ReusableCell.swift"; sourceTree = "<group>"; };
		BB9DFB802340DBA20050F2AA /* ProfileCoordinator.swift */ = {isa = PBXFileReference; lastKnownFileType = sourcecode.swift; path = ProfileCoordinator.swift; sourceTree = "<group>"; };
		BB9DFB8C23418CE80050F2AA /* YourProfileHeaderView.swift */ = {isa = PBXFileReference; fileEncoding = 4; lastKnownFileType = sourcecode.swift; path = YourProfileHeaderView.swift; sourceTree = "<group>"; };
		BB9DFB8D23418CE80050F2AA /* YourProfileHeaderView.xib */ = {isa = PBXFileReference; fileEncoding = 4; lastKnownFileType = file.xib; path = YourProfileHeaderView.xib; sourceTree = "<group>"; };
		BB9DFB8E23418CE80050F2AA /* YourProfileViewController.xib */ = {isa = PBXFileReference; fileEncoding = 4; lastKnownFileType = file.xib; name = YourProfileViewController.xib; path = "Whatever/Features/Profile/Your Profile/YourProfileViewController.xib"; sourceTree = SOURCE_ROOT; };
		BB9DFB8F23418CE80050F2AA /* YourProfileViewController.swift */ = {isa = PBXFileReference; fileEncoding = 4; lastKnownFileType = sourcecode.swift; name = YourProfileViewController.swift; path = "Whatever/Features/Profile/Your Profile/YourProfileViewController.swift"; sourceTree = SOURCE_ROOT; };
		BBA4103E232343AB00631E73 /* Whatever.app */ = {isa = PBXFileReference; explicitFileType = wrapper.application; includeInIndex = 0; path = Whatever.app; sourceTree = BUILT_PRODUCTS_DIR; };
		BBA41041232343AB00631E73 /* AppDelegate.swift */ = {isa = PBXFileReference; lastKnownFileType = sourcecode.swift; path = AppDelegate.swift; sourceTree = "<group>"; };
		BBA41048232343AE00631E73 /* Assets.xcassets */ = {isa = PBXFileReference; lastKnownFileType = folder.assetcatalog; path = Assets.xcassets; sourceTree = "<group>"; };
		BBA4104B232343AE00631E73 /* Base */ = {isa = PBXFileReference; lastKnownFileType = file.storyboard; name = Base; path = Base.lproj/LaunchScreen.storyboard; sourceTree = "<group>"; };
		BBA4104D232343AE00631E73 /* Info.plist */ = {isa = PBXFileReference; lastKnownFileType = text.plist.xml; path = Info.plist; sourceTree = "<group>"; };
		BBA41052232343AF00631E73 /* WhateverTests.xctest */ = {isa = PBXFileReference; explicitFileType = wrapper.cfbundle; includeInIndex = 0; path = WhateverTests.xctest; sourceTree = BUILT_PRODUCTS_DIR; };
		BBA41056232343AF00631E73 /* WhateverTests.swift */ = {isa = PBXFileReference; lastKnownFileType = sourcecode.swift; path = WhateverTests.swift; sourceTree = "<group>"; };
		BBA41058232343AF00631E73 /* Info.plist */ = {isa = PBXFileReference; lastKnownFileType = text.plist.xml; path = Info.plist; sourceTree = "<group>"; };
		BBA41062232361FB00631E73 /* UIColor+Theme.swift */ = {isa = PBXFileReference; lastKnownFileType = sourcecode.swift; path = "UIColor+Theme.swift"; sourceTree = "<group>"; };
		BBA410652323636B00631E73 /* AppCoordinator.swift */ = {isa = PBXFileReference; lastKnownFileType = sourcecode.swift; path = AppCoordinator.swift; sourceTree = "<group>"; };
		BBA410672323648100631E73 /* AppViewController.swift */ = {isa = PBXFileReference; lastKnownFileType = sourcecode.swift; path = AppViewController.swift; sourceTree = "<group>"; };
		BBA4106C232365B400631E73 /* ScaledFont.swift */ = {isa = PBXFileReference; lastKnownFileType = sourcecode.swift; path = ScaledFont.swift; sourceTree = "<group>"; };
		BBA4106E2323665A00631E73 /* Fonts.plist */ = {isa = PBXFileReference; lastKnownFileType = text.plist.xml; path = Fonts.plist; sourceTree = "<group>"; };
		BBA41072232366D800631E73 /* DMSerifDisplay-Regular.ttf */ = {isa = PBXFileReference; lastKnownFileType = file; path = "DMSerifDisplay-Regular.ttf"; sourceTree = "<group>"; };
		BBA41077232367F200631E73 /* SourceSansPro-Bold.ttf */ = {isa = PBXFileReference; lastKnownFileType = file; path = "SourceSansPro-Bold.ttf"; sourceTree = "<group>"; };
		BBA41079232367F200631E73 /* SourceSansPro-Regular.ttf */ = {isa = PBXFileReference; lastKnownFileType = file; path = "SourceSansPro-Regular.ttf"; sourceTree = "<group>"; };
		BBA4107B232367F300631E73 /* SourceSansPro-RegularItalic.ttf */ = {isa = PBXFileReference; lastKnownFileType = file; path = "SourceSansPro-RegularItalic.ttf"; sourceTree = "<group>"; };
		BBA41080232367F300631E73 /* SourceSansPro-SemiBold.ttf */ = {isa = PBXFileReference; lastKnownFileType = file; path = "SourceSansPro-SemiBold.ttf"; sourceTree = "<group>"; };
		BBA41081232367F300631E73 /* SourceSansPro-SemiBoldItalic.ttf */ = {isa = PBXFileReference; lastKnownFileType = file; path = "SourceSansPro-SemiBoldItalic.ttf"; sourceTree = "<group>"; };
		BBA410822323690B00631E73 /* LoginViewController.swift */ = {isa = PBXFileReference; lastKnownFileType = sourcecode.swift; path = LoginViewController.swift; sourceTree = "<group>"; };
		BBA410842323691600631E73 /* LoginViewModel.swift */ = {isa = PBXFileReference; lastKnownFileType = sourcecode.swift; path = LoginViewModel.swift; sourceTree = "<group>"; };
		BBA41086232369F500631E73 /* AuthenticationCoordinator.swift */ = {isa = PBXFileReference; lastKnownFileType = sourcecode.swift; path = AuthenticationCoordinator.swift; sourceTree = "<group>"; };
		BBA4108923236AEF00631E73 /* NavigationController.swift */ = {isa = PBXFileReference; lastKnownFileType = sourcecode.swift; path = NavigationController.swift; sourceTree = "<group>"; };
		BBA4108B23236D0100631E73 /* UIImage+Theme.swift */ = {isa = PBXFileReference; lastKnownFileType = sourcecode.swift; path = "UIImage+Theme.swift"; sourceTree = "<group>"; };
		BBA4108D23236E4B00631E73 /* LoginViewController.xib */ = {isa = PBXFileReference; lastKnownFileType = file.xib; path = LoginViewController.xib; sourceTree = "<group>"; };
		BBA41092232372E000631E73 /* PrimaryButton.swift */ = {isa = PBXFileReference; lastKnownFileType = sourcecode.swift; path = PrimaryButton.swift; sourceTree = "<group>"; };
/* End PBXFileReference section */

/* Begin PBXFrameworksBuildPhase section */
		BBA4103B232343AB00631E73 /* Frameworks */ = {
			isa = PBXFrameworksBuildPhase;
			buildActionMask = 2147483647;
			files = (
				183B855309CAF378DC275B01 /* Pods_Whatever.framework in Frameworks */,
			);
			runOnlyForDeploymentPostprocessing = 0;
		};
		BBA4104F232343AF00631E73 /* Frameworks */ = {
			isa = PBXFrameworksBuildPhase;
			buildActionMask = 2147483647;
			files = (
			);
			runOnlyForDeploymentPostprocessing = 0;
		};
/* End PBXFrameworksBuildPhase section */

/* Begin PBXGroup section */
		205EE75D2338A219006F8B2F /* Subviews */ = {
			isa = PBXGroup;
			children = (
				205EE75E2338A240006F8B2F /* YourClosetMenuView.swift */,
				205EE7602338A539006F8B2F /* YourClosetMenuCollectionViewCell.swift */,
				BB9DFB70233E22BD0050F2AA /* YourClosetMenuCollectionViewCell.xib */,
			);
			path = Subviews;
			sourceTree = "<group>";
		};
		20647351232A1D8500774F3F /* Network */ = {
			isa = PBXGroup;
			children = (
				20647354232A207600774F3F /* AuthenticationRepository.swift */,
			);
			path = Network;
			sourceTree = "<group>";
		};
		20647356232A2F5A00774F3F /* Domain */ = {
			isa = PBXGroup;
			children = (
				20647359232A348400774F3F /* AppService.swift */,
				20647357232A2F6700774F3F /* AuthenticationService.swift */,
			);
			path = Domain;
			sourceTree = "<group>";
		};
		2064735B232A7CC600774F3F /* Login */ = {
			isa = PBXGroup;
			children = (
				BBA410822323690B00631E73 /* LoginViewController.swift */,
				BBA4108D23236E4B00631E73 /* LoginViewController.xib */,
				BBA410842323691600631E73 /* LoginViewModel.swift */,
			);
			path = Login;
			sourceTree = "<group>";
		};
		2096D0F8233241ED00325B0A /* Closet */ = {
			isa = PBXGroup;
			children = (
				2096D0F92332420400325B0A /* ClosetCoordinator.swift */,
				2096D0FB2332420A00325B0A /* Your Closet */,
				2096D0FC2332421000325B0A /* Add Item */,
			);
			path = Closet;
			sourceTree = "<group>";
		};
		2096D0FB2332420A00325B0A /* Your Closet */ = {
			isa = PBXGroup;
			children = (
				205EE75D2338A219006F8B2F /* Subviews */,
				2073B5AB233893F500A896B4 /* YourClosetViewController.xib */,
				2073B5A72334835400A896B4 /* YourClosetViewController.swift */,
				2073B5A92334835F00A896B4 /* YourClosetViewModel.swift */,
			);
			path = "Your Closet";
			sourceTree = "<group>";
		};
		2096D0FC2332421000325B0A /* Add Item */ = {
			isa = PBXGroup;
			children = (
			);
			path = "Add Item";
			sourceTree = "<group>";
		};
		3FE57ECD5B2020211FAD3713 /* Frameworks */ = {
			isa = PBXGroup;
			children = (
				43128C2543A405FEB97FF553 /* Pods_Whatever.framework */,
			);
			name = Frameworks;
			sourceTree = "<group>";
		};
		4CA1CB1C8F1BF3A00A276D09 /* Pods */ = {
			isa = PBXGroup;
			children = (
				4502A23CECBA22D1DB4B6972 /* Pods-Whatever.debug.xcconfig */,
				0EE8043061464FB91750F245 /* Pods-Whatever.release.xcconfig */,
			);
			path = Pods;
			sourceTree = "<group>";
		};
		BB064753232E64CC0048A29B /* Errors */ = {
			isa = PBXGroup;
			children = (
				BB80CAC2232E6254005EFB00 /* ApplicationError.swift */,
			);
			path = Errors;
			sourceTree = "<group>";
		};
		BB064754232E64F20048A29B /* Views and Styling */ = {
			isa = PBXGroup;
			children = (
				BB4775B32323943C00678E5A /* UIView+Image.swift */,
				BB28410923248F8100FEC5B0 /* UIView+FromNib.swift */,
				BB28410523248D8D00FEC5B0 /* UILabel+LineSpacing.swift */,
			);
			path = "Views and Styling";
			sourceTree = "<group>";
		};
		BB064755232E64FF0048A29B /* Assets */ = {
			isa = PBXGroup;
			children = (
				BBA41062232361FB00631E73 /* UIColor+Theme.swift */,
				BBA4108B23236D0100631E73 /* UIImage+Theme.swift */,
			);
			path = Assets;
			sourceTree = "<group>";
		};
		BB064756232E650D0048A29B /* Validation */ = {
			isa = PBXGroup;
			children = (
				BB80CABE232D2924005EFB00 /* Validation.swift */,
			);
			path = Validation;
			sourceTree = "<group>";
		};
		BB06475D232E67240048A29B /* Launch */ = {
			isa = PBXGroup;
			children = (
				BBA4104A232343AE00631E73 /* LaunchScreen.storyboard */,
			);
			path = Launch;
			sourceTree = "<group>";
		};
		BB064760232E69790048A29B /* Forgot Password */ = {
			isa = PBXGroup;
			children = (
				BB064763232E69B20048A29B /* ForgotPasswordViewController.xib */,
				BB064761232E69A40048A29B /* ForgotPasswordViewController.swift */,
				BB064765232E6C390048A29B /* ForgotPasswordViewModel.swift */,
			);
			name = "Forgot Password";
			path = "Whatever/Features/Authentication/Forgot Password";
			sourceTree = SOURCE_ROOT;
		};
		BB2840F12323AFB100FEC5B0 /* View Model */ = {
			isa = PBXGroup;
			children = (
				BB2840EF2323AFAD00FEC5B0 /* IntroductionPageViewModel.swift */,
			);
			path = "View Model";
			sourceTree = "<group>";
		};
		BB2840F52323C5DD00FEC5B0 /* Pages */ = {
			isa = PBXGroup;
			children = (
				BB622EA02323A01A00696F52 /* IntroductionLogoViewController.xib */,
				BB622E9E2323A00A00696F52 /* IntroductionLogoViewController.swift */,
				BB2840F62323C60800FEC5B0 /* IntroductionDescriptionViewController.xib */,
				BB2840F32323C4B000FEC5B0 /* IntroductionDescriptionViewController.swift */,
			);
			path = Pages;
			sourceTree = "<group>";
		};
		BB2841022323F69A00FEC5B0 /* Text Field */ = {
			isa = PBXGroup;
			children = (
				BB2841032323F6A700FEC5B0 /* TextField.swift */,
			);
			path = "Text Field";
			sourceTree = "<group>";
		};
		BB28410C23248FCB00FEC5B0 /* Main */ = {
			isa = PBXGroup;
			children = (
				BB28410D23248FE300FEC5B0 /* MainCoordinator.swift */,
			);
			path = Main;
			sourceTree = "<group>";
		};
		BB28410F2324905E00FEC5B0 /* Tab Bar */ = {
			isa = PBXGroup;
			children = (
				BB2841102324906B00FEC5B0 /* TabBarController.swift */,
			);
			path = "Tab Bar";
			sourceTree = "<group>";
		};
		BB3DFB2F2348C55500A541B1 /* Images */ = {
			isa = PBXGroup;
			children = (
				BB3DFB302348C56900A541B1 /* ImagePicker.swift */,
			);
			path = Images;
			sourceTree = "<group>";
		};
		BB4775B523239ACC00678E5A /* Introduction */ = {
			isa = PBXGroup;
			children = (
				BB622E9B23239C7C00696F52 /* View Controller */,
				BB2840F12323AFB100FEC5B0 /* View Model */,
			);
			path = Introduction;
			sourceTree = "<group>";
		};
		BB622E9B23239C7C00696F52 /* View Controller */ = {
			isa = PBXGroup;
			children = (
				BB2840F52323C5DD00FEC5B0 /* Pages */,
				BB622E9C23239C9000696F52 /* IntroductionPageViewController.swift */,
			);
			path = "View Controller";
			sourceTree = "<group>";
		};
		BB622EA22323A5A600696F52 /* Labels */ = {
			isa = PBXGroup;
			children = (
				BB2840DF2323A8BC00FEC5B0 /* Heading1.swift */,
				BB2840E12323A8E700FEC5B0 /* Heading2.swift */,
				BB2840E32323A91700FEC5B0 /* Heading3.swift */,
				BB2840E52323A94900FEC5B0 /* Heading4.swift */,
				BB2840E72323A98100FEC5B0 /* Body.swift */,
				BB2840E92323A9A800FEC5B0 /* Label1.swift */,
				BB2840EB2323A9CF00FEC5B0 /* Label2.swift */,
				BB28410723248ECF00FEC5B0 /* Caption1.swift */,
				BB80CAAE232916F0005EFB00 /* Caption2.swift */,
			);
			path = Labels;
			sourceTree = "<group>";
		};
		BB80CAB023291F37005EFB00 /* Create Account */ = {
			isa = PBXGroup;
			children = (
				BB80CAB523292742005EFB00 /* Verify Email */,
				BB80CAB323291F64005EFB00 /* CreateAccountViewController.xib */,
				BB80CAB123291F57005EFB00 /* CreateAccountViewController.swift */,
				BB80CABA23292A79005EFB00 /* CreateAccountViewModel.swift */,
			);
			path = "Create Account";
			sourceTree = "<group>";
		};
		BB80CAB523292742005EFB00 /* Verify Email */ = {
			isa = PBXGroup;
			children = (
				BB80CAB623292758005EFB00 /* VerifyEmailViewController.xib */,
				BB80CAB82329289B005EFB00 /* VerifyEmailViewController.swift */,
				2096D0F62332332900325B0A /* VerifyEmailViewModel.swift */,
			);
			path = "Verify Email";
			sourceTree = "<group>";
		};
		BB80CAC4232E639D005EFB00 /* Storage */ = {
			isa = PBXGroup;
			children = (
				BB064753232E64CC0048A29B /* Errors */,
				BB80CAC0232E6186005EFB00 /* RxStore.swift */,
				BB064757232E656B0048A29B /* KeychainSecureItem.swift */,
				BB064759232E66450048A29B /* KeychainConfiguration.swift */,
			);
			path = Storage;
			sourceTree = "<group>";
		};
		BB9DFB72233E23E90050F2AA /* Reusable Cells */ = {
			isa = PBXGroup;
			children = (
				BB9DFB73233E240C0050F2AA /* UITableViewCell+ReusableCell.swift */,
				BB9DFB75233E241B0050F2AA /* UITableView+ReusableCell.swift */,
				BB9DFB79233E25D50050F2AA /* UICollectionView+ReusableCell.swift */,
				BB9DFB77233E253B0050F2AA /* UICollectionReusableView+ReusableCell.swift */,
				BB9DFB7B233E264D0050F2AA /* UICollectionViewCell+ReusableCell.swift */,
			);
			path = "Reusable Cells";
			sourceTree = "<group>";
		};
		BB9DFB7D2340DB750050F2AA /* Profile */ = {
			isa = PBXGroup;
			children = (
				BB9DFB802340DBA20050F2AA /* ProfileCoordinator.swift */,
				BB9DFB8A23418CCD0050F2AA /* Your Profile */,
			);
			path = Profile;
			sourceTree = "<group>";
		};
		BB9DFB8A23418CCD0050F2AA /* Your Profile */ = {
			isa = PBXGroup;
			children = (
				BB9DFB8B23418CE80050F2AA /* Subviews */,
				BB9DFB8F23418CE80050F2AA /* YourProfileViewController.swift */,
				BB9DFB8E23418CE80050F2AA /* YourProfileViewController.xib */,
			);
			name = "Your Profile";
			path = "../../../../../../../../../System/Volumes/Data/Users/retno/Documents/Projects/Whatever/Whatever/Whatever/Features/Profile/Your Profile";
			sourceTree = "<group>";
		};
		BB9DFB8B23418CE80050F2AA /* Subviews */ = {
			isa = PBXGroup;
			children = (
				BB9DFB8C23418CE80050F2AA /* YourProfileHeaderView.swift */,
				BB9DFB8D23418CE80050F2AA /* YourProfileHeaderView.xib */,
			);
			name = Subviews;
			path = "Whatever/Features/Profile/Your Profile/Subviews";
			sourceTree = SOURCE_ROOT;
		};
		BBA41035232343AB00631E73 = {
			isa = PBXGroup;
			children = (
				BBA41040232343AB00631E73 /* Whatever */,
				BBA41055232343AF00631E73 /* WhateverTests */,
				BBA4103F232343AB00631E73 /* Products */,
				4CA1CB1C8F1BF3A00A276D09 /* Pods */,
				3FE57ECD5B2020211FAD3713 /* Frameworks */,
			);
			sourceTree = "<group>";
		};
		BBA4103F232343AB00631E73 /* Products */ = {
			isa = PBXGroup;
			children = (
				BBA4103E232343AB00631E73 /* Whatever.app */,
				BBA41052232343AF00631E73 /* WhateverTests.xctest */,
			);
			name = Products;
			sourceTree = "<group>";
		};
		BBA41040232343AB00631E73 /* Whatever */ = {
			isa = PBXGroup;
			children = (
				BB36AA0323F41234002242E1 /* GoogleService-Info.plist */,
				BBA41041232343AB00631E73 /* AppDelegate.swift */,
				BB06475B232E666A0048A29B /* Constants.swift */,
				BBA410642323635300631E73 /* Features */,
				BBA41061232361E900631E73 /* Extensions and Helpers */,
				BBA4106A2323658400631E73 /* Visual Components */,
				20647356232A2F5A00774F3F /* Domain */,
				20647351232A1D8500774F3F /* Network */,
				BBA41070232366A300631E73 /* Resources */,
				BB88B0DB2328F8FC00F72013 /* Whatever.entitlements */,
				BBA4104D232343AE00631E73 /* Info.plist */,
			);
			path = Whatever;
			sourceTree = "<group>";
		};
		BBA41055232343AF00631E73 /* WhateverTests */ = {
			isa = PBXGroup;
			children = (
				BBA41056232343AF00631E73 /* WhateverTests.swift */,
				BBA41058232343AF00631E73 /* Info.plist */,
			);
			path = WhateverTests;
			sourceTree = "<group>";
		};
		BBA41061232361E900631E73 /* Extensions and Helpers */ = {
			isa = PBXGroup;
			children = (
				BB3DFB2F2348C55500A541B1 /* Images */,
				BB064755232E64FF0048A29B /* Assets */,
				BB064754232E64F20048A29B /* Views and Styling */,
				BB064756232E650D0048A29B /* Validation */,
				BB9DFB72233E23E90050F2AA /* Reusable Cells */,
			);
			path = "Extensions and Helpers";
			sourceTree = "<group>";
		};
		BBA410642323635300631E73 /* Features */ = {
			isa = PBXGroup;
			children = (
				BBA410652323636B00631E73 /* AppCoordinator.swift */,
				BBA410672323648100631E73 /* AppViewController.swift */,
				BB4775B523239ACC00678E5A /* Introduction */,
				BBA410692323653700631E73 /* Authentication */,
				BB28410C23248FCB00FEC5B0 /* Main */,
				2096D0F8233241ED00325B0A /* Closet */,
				BB9DFB7D2340DB750050F2AA /* Profile */,
				BB80CAC4232E639D005EFB00 /* Storage */,
			);
			path = Features;
			sourceTree = "<group>";
		};
		BBA410692323653700631E73 /* Authentication */ = {
			isa = PBXGroup;
			children = (
				BBA41086232369F500631E73 /* AuthenticationCoordinator.swift */,
				BB80CAB023291F37005EFB00 /* Create Account */,
				2064735B232A7CC600774F3F /* Login */,
				BB064760232E69790048A29B /* Forgot Password */,
			);
			path = Authentication;
			sourceTree = "<group>";
		};
		BBA4106A2323658400631E73 /* Visual Components */ = {
			isa = PBXGroup;
			children = (
				BB06475D232E67240048A29B /* Launch */,
				BB28410F2324905E00FEC5B0 /* Tab Bar */,
				BB2841022323F69A00FEC5B0 /* Text Field */,
				BB622EA22323A5A600696F52 /* Labels */,
				BBA41091232372D500631E73 /* Buttons */,
				BBA4108823236ADF00631E73 /* Navigation Controller */,
				BBA4106B232365A300631E73 /* Fonts */,
			);
			path = "Visual Components";
			sourceTree = "<group>";
		};
		BBA4106B232365A300631E73 /* Fonts */ = {
			isa = PBXGroup;
			children = (
				BBA4106C232365B400631E73 /* ScaledFont.swift */,
				BBA4106E2323665A00631E73 /* Fonts.plist */,
			);
			path = Fonts;
			sourceTree = "<group>";
		};
		BBA41070232366A300631E73 /* Resources */ = {
			isa = PBXGroup;
			children = (
				BB2840FA2323C75F00FEC5B0 /* Localizable.strings */,
				BBA41048232343AE00631E73 /* Assets.xcassets */,
				BBA41071232366AF00631E73 /* Fonts */,
			);
			path = Resources;
			sourceTree = "<group>";
		};
		BBA41071232366AF00631E73 /* Fonts */ = {
			isa = PBXGroup;
			children = (
				BBA41072232366D800631E73 /* DMSerifDisplay-Regular.ttf */,
				BBA41077232367F200631E73 /* SourceSansPro-Bold.ttf */,
				BBA41079232367F200631E73 /* SourceSansPro-Regular.ttf */,
				BBA4107B232367F300631E73 /* SourceSansPro-RegularItalic.ttf */,
				BBA41080232367F300631E73 /* SourceSansPro-SemiBold.ttf */,
				BBA41081232367F300631E73 /* SourceSansPro-SemiBoldItalic.ttf */,
			);
			path = Fonts;
			sourceTree = "<group>";
		};
		BBA4108823236ADF00631E73 /* Navigation Controller */ = {
			isa = PBXGroup;
			children = (
				BBA4108923236AEF00631E73 /* NavigationController.swift */,
			);
			path = "Navigation Controller";
			sourceTree = "<group>";
		};
		BBA41091232372D500631E73 /* Buttons */ = {
			isa = PBXGroup;
			children = (
				BBA41092232372E000631E73 /* PrimaryButton.swift */,
				BB2840ED2323ADF100FEC5B0 /* SecondaryButton.swift */,
				BB2840FB2323E76B00FEC5B0 /* TertiaryButton.swift */,
			);
			path = Buttons;
			sourceTree = "<group>";
		};
/* End PBXGroup section */

/* Begin PBXNativeTarget section */
		BBA4103D232343AB00631E73 /* Whatever */ = {
			isa = PBXNativeTarget;
			buildConfigurationList = BBA4105B232343AF00631E73 /* Build configuration list for PBXNativeTarget "Whatever" */;
			buildPhases = (
				D8F99A22F2587460B369FDAC /* [CP] Check Pods Manifest.lock */,
				BBA4103A232343AB00631E73 /* Sources */,
				BBA4103B232343AB00631E73 /* Frameworks */,
				BBA4103C232343AB00631E73 /* Resources */,
				5E0686685FDB06042F1C21ED /* [CP] Embed Pods Frameworks */,
			);
			buildRules = (
			);
			dependencies = (
			);
			name = Whatever;
			productName = Whatever;
			productReference = BBA4103E232343AB00631E73 /* Whatever.app */;
			productType = "com.apple.product-type.application";
		};
		BBA41051232343AF00631E73 /* WhateverTests */ = {
			isa = PBXNativeTarget;
			buildConfigurationList = BBA4105E232343AF00631E73 /* Build configuration list for PBXNativeTarget "WhateverTests" */;
			buildPhases = (
				BBA4104E232343AF00631E73 /* Sources */,
				BBA4104F232343AF00631E73 /* Frameworks */,
				BBA41050232343AF00631E73 /* Resources */,
			);
			buildRules = (
			);
			dependencies = (
				BBA41054232343AF00631E73 /* PBXTargetDependency */,
			);
			name = WhateverTests;
			productName = WhateverTests;
			productReference = BBA41052232343AF00631E73 /* WhateverTests.xctest */;
			productType = "com.apple.product-type.bundle.unit-test";
		};
/* End PBXNativeTarget section */

/* Begin PBXProject section */
		BBA41036232343AB00631E73 /* Project object */ = {
			isa = PBXProject;
			attributes = {
				LastSwiftUpdateCheck = 1020;
				LastUpgradeCheck = 1020;
				ORGANIZATIONNAME = "Retno Widyanti";
				TargetAttributes = {
					BBA4103D232343AB00631E73 = {
						CreatedOnToolsVersion = 10.2.1;
						SystemCapabilities = {
							com.apple.Keychain = {
								enabled = 1;
							};
						};
					};
					BBA41051232343AF00631E73 = {
						CreatedOnToolsVersion = 10.2.1;
						TestTargetID = BBA4103D232343AB00631E73;
					};
				};
			};
			buildConfigurationList = BBA41039232343AB00631E73 /* Build configuration list for PBXProject "Whatever" */;
			compatibilityVersion = "Xcode 9.3";
			developmentRegion = en;
			hasScannedForEncodings = 0;
			knownRegions = (
				en,
				Base,
			);
			mainGroup = BBA41035232343AB00631E73;
			productRefGroup = BBA4103F232343AB00631E73 /* Products */;
			projectDirPath = "";
			projectRoot = "";
			targets = (
				BBA4103D232343AB00631E73 /* Whatever */,
				BBA41051232343AF00631E73 /* WhateverTests */,
			);
		};
/* End PBXProject section */

/* Begin PBXResourcesBuildPhase section */
		BBA4103C232343AB00631E73 /* Resources */ = {
			isa = PBXResourcesBuildPhase;
			buildActionMask = 2147483647;
			files = (
				BBA41075232366E400631E73 /* DMSerifDisplay-Regular.ttf in Resources */,
				BB622EA12323A01A00696F52 /* IntroductionLogoViewController.xib in Resources */,
				BB9DFB9223418CE80050F2AA /* YourProfileViewController.xib in Resources */,
				BB9DFB9123418CE80050F2AA /* YourProfileHeaderView.xib in Resources */,
				BB80CAB423291F64005EFB00 /* CreateAccountViewController.xib in Resources */,
				BB9DFB71233E22BD0050F2AA /* YourClosetMenuCollectionViewCell.xib in Resources */,
				BBA4104C232343AE00631E73 /* LaunchScreen.storyboard in Resources */,
				BBA4108E23236E4B00631E73 /* LoginViewController.xib in Resources */,
				BB2840FF2323F21B00FEC5B0 /* SourceSansPro-SemiBold.ttf in Resources */,
				BB2840F82323C75F00FEC5B0 /* Localizable.strings in Resources */,
				BBA4106F2323665A00631E73 /* Fonts.plist in Resources */,
				BBA41049232343AE00631E73 /* Assets.xcassets in Resources */,
				BB2841012323F29200FEC5B0 /* SourceSansPro-Bold.ttf in Resources */,
				BB80CAB723292758005EFB00 /* VerifyEmailViewController.xib in Resources */,
				2073B5AC233893F500A896B4 /* YourClosetViewController.xib in Resources */,
				BB2840F72323C60800FEC5B0 /* IntroductionDescriptionViewController.xib in Resources */,
				BB2840FD2323F21600FEC5B0 /* SourceSansPro-Regular.ttf in Resources */,
				BB2841002323F21D00FEC5B0 /* SourceSansPro-SemiBoldItalic.ttf in Resources */,
				BB2840FE2323F21900FEC5B0 /* SourceSansPro-RegularItalic.ttf in Resources */,
				BB064764232E69B20048A29B /* ForgotPasswordViewController.xib in Resources */,
				BB36AA0423F41234002242E1 /* GoogleService-Info.plist in Resources */,
			);
			runOnlyForDeploymentPostprocessing = 0;
		};
		BBA41050232343AF00631E73 /* Resources */ = {
			isa = PBXResourcesBuildPhase;
			buildActionMask = 2147483647;
			files = (
				BB36AA0523F41234002242E1 /* GoogleService-Info.plist in Resources */,
			);
			runOnlyForDeploymentPostprocessing = 0;
		};
/* End PBXResourcesBuildPhase section */

/* Begin PBXShellScriptBuildPhase section */
		5E0686685FDB06042F1C21ED /* [CP] Embed Pods Frameworks */ = {
			isa = PBXShellScriptBuildPhase;
			buildActionMask = 2147483647;
			files = (
			);
			inputFileListPaths = (
				"${PODS_ROOT}/Target Support Files/Pods-Whatever/Pods-Whatever-frameworks-${CONFIGURATION}-input-files.xcfilelist",
			);
			name = "[CP] Embed Pods Frameworks";
			outputFileListPaths = (
				"${PODS_ROOT}/Target Support Files/Pods-Whatever/Pods-Whatever-frameworks-${CONFIGURATION}-output-files.xcfilelist",
			);
			runOnlyForDeploymentPostprocessing = 0;
			shellPath = /bin/sh;
			shellScript = "\"${PODS_ROOT}/Target Support Files/Pods-Whatever/Pods-Whatever-frameworks.sh\"\n";
			showEnvVarsInLog = 0;
		};
		D8F99A22F2587460B369FDAC /* [CP] Check Pods Manifest.lock */ = {
			isa = PBXShellScriptBuildPhase;
			buildActionMask = 2147483647;
			files = (
			);
			inputFileListPaths = (
			);
			inputPaths = (
				"${PODS_PODFILE_DIR_PATH}/Podfile.lock",
				"${PODS_ROOT}/Manifest.lock",
			);
			name = "[CP] Check Pods Manifest.lock";
			outputFileListPaths = (
			);
			outputPaths = (
				"$(DERIVED_FILE_DIR)/Pods-Whatever-checkManifestLockResult.txt",
			);
			runOnlyForDeploymentPostprocessing = 0;
			shellPath = /bin/sh;
			shellScript = "diff \"${PODS_PODFILE_DIR_PATH}/Podfile.lock\" \"${PODS_ROOT}/Manifest.lock\" > /dev/null\nif [ $? != 0 ] ; then\n    # print error to STDERR\n    echo \"error: The sandbox is not in sync with the Podfile.lock. Run 'pod install' or update your CocoaPods installation.\" >&2\n    exit 1\nfi\n# This output is used by Xcode 'outputs' to avoid re-running this script phase.\necho \"SUCCESS\" > \"${SCRIPT_OUTPUT_FILE_0}\"\n";
			showEnvVarsInLog = 0;
		};
/* End PBXShellScriptBuildPhase section */

/* Begin PBXSourcesBuildPhase section */
		BBA4103A232343AB00631E73 /* Sources */ = {
			isa = PBXSourcesBuildPhase;
			buildActionMask = 2147483647;
			files = (
				BB80CAC3232E6254005EFB00 /* ApplicationError.swift in Sources */,
				BB9DFB9023418CE80050F2AA /* YourProfileHeaderView.swift in Sources */,
				BB2840E22323A8E700FEC5B0 /* Heading2.swift in Sources */,
				BB28410623248D8D00FEC5B0 /* UILabel+LineSpacing.swift in Sources */,
				BB2840EC2323A9CF00FEC5B0 /* Label2.swift in Sources */,
				BB80CAB223291F57005EFB00 /* CreateAccountViewController.swift in Sources */,
				BB80CABF232D2924005EFB00 /* Validation.swift in Sources */,
				BB06475A232E66450048A29B /* KeychainConfiguration.swift in Sources */,
				BBA410832323690B00631E73 /* LoginViewController.swift in Sources */,
				BBA41093232372E000631E73 /* PrimaryButton.swift in Sources */,
				BB2840EE2323ADF100FEC5B0 /* SecondaryButton.swift in Sources */,
				BB2841042323F6A700FEC5B0 /* TextField.swift in Sources */,
				BBA410682323648100631E73 /* AppViewController.swift in Sources */,
				BBA410662323636B00631E73 /* AppCoordinator.swift in Sources */,
				BB9DFB812340DBA20050F2AA /* ProfileCoordinator.swift in Sources */,
				BB80CAAF232916F0005EFB00 /* Caption2.swift in Sources */,
				BB4775B42323943C00678E5A /* UIView+Image.swift in Sources */,
				2096D0F72332332900325B0A /* VerifyEmailViewModel.swift in Sources */,
				2096D0FA2332420400325B0A /* ClosetCoordinator.swift in Sources */,
				BB2840F42323C4B000FEC5B0 /* IntroductionDescriptionViewController.swift in Sources */,
				BB622E9D23239C9000696F52 /* IntroductionPageViewController.swift in Sources */,
				BBA41063232361FB00631E73 /* UIColor+Theme.swift in Sources */,
				BB80CAC1232E6187005EFB00 /* RxStore.swift in Sources */,
				BB28410E23248FE300FEC5B0 /* MainCoordinator.swift in Sources */,
				BB28410A23248F8100FEC5B0 /* UIView+FromNib.swift in Sources */,
				2073B5A82334835400A896B4 /* YourClosetViewController.swift in Sources */,
				BB2841112324906B00FEC5B0 /* TabBarController.swift in Sources */,
				BB80CAB92329289B005EFB00 /* VerifyEmailViewController.swift in Sources */,
				BB06475C232E666A0048A29B /* Constants.swift in Sources */,
				BBA4108A23236AEF00631E73 /* NavigationController.swift in Sources */,
				BB3DFB312348C56900A541B1 /* ImagePicker.swift in Sources */,
				BBA41042232343AB00631E73 /* AppDelegate.swift in Sources */,
				BB9DFB74233E240C0050F2AA /* UITableViewCell+ReusableCell.swift in Sources */,
				20647355232A207600774F3F /* AuthenticationRepository.swift in Sources */,
				BB9DFB9323418CE80050F2AA /* YourProfileViewController.swift in Sources */,
				BB064758232E656B0048A29B /* KeychainSecureItem.swift in Sources */,
				205EE75F2338A240006F8B2F /* YourClosetMenuView.swift in Sources */,
				BB9DFB7A233E25D50050F2AA /* UICollectionView+ReusableCell.swift in Sources */,
				BB2840E02323A8BC00FEC5B0 /* Heading1.swift in Sources */,
				BB9DFB76233E241B0050F2AA /* UITableView+ReusableCell.swift in Sources */,
				BB2840E62323A94900FEC5B0 /* Heading4.swift in Sources */,
				205EE7612338A539006F8B2F /* YourClosetMenuCollectionViewCell.swift in Sources */,
				BB2840E42323A91700FEC5B0 /* Heading3.swift in Sources */,
				BBA4106D232365B400631E73 /* ScaledFont.swift in Sources */,
				BBA41087232369F500631E73 /* AuthenticationCoordinator.swift in Sources */,
				BBA410852323691600631E73 /* LoginViewModel.swift in Sources */,
				BB9DFB7C233E264D0050F2AA /* UICollectionViewCell+ReusableCell.swift in Sources */,
				BB9DFB78233E253B0050F2AA /* UICollectionReusableView+ReusableCell.swift in Sources */,
				BB2840EA2323A9A800FEC5B0 /* Label1.swift in Sources */,
				20647358232A2F6700774F3F /* AuthenticationService.swift in Sources */,
				BB2840FC2323E76B00FEC5B0 /* TertiaryButton.swift in Sources */,
				BB622E9F2323A00A00696F52 /* IntroductionLogoViewController.swift in Sources */,
				2073B5AA2334835F00A896B4 /* YourClosetViewModel.swift in Sources */,
				BB28410823248ECF00FEC5B0 /* Caption1.swift in Sources */,
				2064735A232A348400774F3F /* AppService.swift in Sources */,
				BB80CABB23292A79005EFB00 /* CreateAccountViewModel.swift in Sources */,
				BB064762232E69A40048A29B /* ForgotPasswordViewController.swift in Sources */,
				BB064766232E6C390048A29B /* ForgotPasswordViewModel.swift in Sources */,
				BB2840F02323AFAD00FEC5B0 /* IntroductionPageViewModel.swift in Sources */,
				BBA4108C23236D0100631E73 /* UIImage+Theme.swift in Sources */,
				BB2840E82323A98100FEC5B0 /* Body.swift in Sources */,
			);
			runOnlyForDeploymentPostprocessing = 0;
		};
		BBA4104E232343AF00631E73 /* Sources */ = {
			isa = PBXSourcesBuildPhase;
			buildActionMask = 2147483647;
			files = (
				BBA41057232343AF00631E73 /* WhateverTests.swift in Sources */,
			);
			runOnlyForDeploymentPostprocessing = 0;
		};
/* End PBXSourcesBuildPhase section */

/* Begin PBXTargetDependency section */
		BBA41054232343AF00631E73 /* PBXTargetDependency */ = {
			isa = PBXTargetDependency;
			target = BBA4103D232343AB00631E73 /* Whatever */;
			targetProxy = BBA41053232343AF00631E73 /* PBXContainerItemProxy */;
		};
/* End PBXTargetDependency section */

/* Begin PBXVariantGroup section */
		BB2840FA2323C75F00FEC5B0 /* Localizable.strings */ = {
			isa = PBXVariantGroup;
			children = (
				BB2840F92323C75F00FEC5B0 /* en */,
			);
			name = Localizable.strings;
			sourceTree = "<group>";
		};
		BBA4104A232343AE00631E73 /* LaunchScreen.storyboard */ = {
			isa = PBXVariantGroup;
			children = (
				BBA4104B232343AE00631E73 /* Base */,
			);
			name = LaunchScreen.storyboard;
			sourceTree = "<group>";
		};
/* End PBXVariantGroup section */

/* Begin XCBuildConfiguration section */
		BBA41059232343AF00631E73 /* Debug */ = {
			isa = XCBuildConfiguration;
			buildSettings = {
				ALWAYS_SEARCH_USER_PATHS = NO;
				CLANG_ANALYZER_LOCALIZABILITY_NONLOCALIZED = YES;
				CLANG_ANALYZER_NONNULL = YES;
				CLANG_ANALYZER_NUMBER_OBJECT_CONVERSION = YES_AGGRESSIVE;
				CLANG_CXX_LANGUAGE_STANDARD = "gnu++14";
				CLANG_CXX_LIBRARY = "libc++";
				CLANG_ENABLE_MODULES = YES;
				CLANG_ENABLE_OBJC_ARC = YES;
				CLANG_ENABLE_OBJC_WEAK = YES;
				CLANG_WARN_BLOCK_CAPTURE_AUTORELEASING = YES;
				CLANG_WARN_BOOL_CONVERSION = YES;
				CLANG_WARN_COMMA = YES;
				CLANG_WARN_CONSTANT_CONVERSION = YES;
				CLANG_WARN_DEPRECATED_OBJC_IMPLEMENTATIONS = YES;
				CLANG_WARN_DIRECT_OBJC_ISA_USAGE = YES_ERROR;
				CLANG_WARN_DOCUMENTATION_COMMENTS = YES;
				CLANG_WARN_EMPTY_BODY = YES;
				CLANG_WARN_ENUM_CONVERSION = YES;
				CLANG_WARN_INFINITE_RECURSION = YES;
				CLANG_WARN_INT_CONVERSION = YES;
				CLANG_WARN_NON_LITERAL_NULL_CONVERSION = YES;
				CLANG_WARN_OBJC_IMPLICIT_RETAIN_SELF = YES;
				CLANG_WARN_OBJC_LITERAL_CONVERSION = YES;
				CLANG_WARN_OBJC_ROOT_CLASS = YES_ERROR;
				CLANG_WARN_RANGE_LOOP_ANALYSIS = YES;
				CLANG_WARN_STRICT_PROTOTYPES = YES;
				CLANG_WARN_SUSPICIOUS_MOVE = YES;
				CLANG_WARN_UNGUARDED_AVAILABILITY = YES_AGGRESSIVE;
				CLANG_WARN_UNREACHABLE_CODE = YES;
				CLANG_WARN__DUPLICATE_METHOD_MATCH = YES;
				CODE_SIGN_IDENTITY = "iPhone Developer";
				COPY_PHASE_STRIP = NO;
				DEBUG_INFORMATION_FORMAT = dwarf;
				ENABLE_STRICT_OBJC_MSGSEND = YES;
				ENABLE_TESTABILITY = YES;
				GCC_C_LANGUAGE_STANDARD = gnu11;
				GCC_DYNAMIC_NO_PIC = NO;
				GCC_NO_COMMON_BLOCKS = YES;
				GCC_OPTIMIZATION_LEVEL = 0;
				GCC_PREPROCESSOR_DEFINITIONS = (
					"DEBUG=1",
					"$(inherited)",
				);
				GCC_WARN_64_TO_32_BIT_CONVERSION = YES;
				GCC_WARN_ABOUT_RETURN_TYPE = YES_ERROR;
				GCC_WARN_UNDECLARED_SELECTOR = YES;
				GCC_WARN_UNINITIALIZED_AUTOS = YES_AGGRESSIVE;
				GCC_WARN_UNUSED_FUNCTION = YES;
				GCC_WARN_UNUSED_VARIABLE = YES;
				IPHONEOS_DEPLOYMENT_TARGET = 11.0;
				MTL_ENABLE_DEBUG_INFO = INCLUDE_SOURCE;
				MTL_FAST_MATH = YES;
				ONLY_ACTIVE_ARCH = YES;
				SDKROOT = iphoneos;
				SWIFT_ACTIVE_COMPILATION_CONDITIONS = DEBUG;
				SWIFT_OPTIMIZATION_LEVEL = "-Onone";
			};
			name = Debug;
		};
		BBA4105A232343AF00631E73 /* Release */ = {
			isa = XCBuildConfiguration;
			buildSettings = {
				ALWAYS_SEARCH_USER_PATHS = NO;
				CLANG_ANALYZER_LOCALIZABILITY_NONLOCALIZED = YES;
				CLANG_ANALYZER_NONNULL = YES;
				CLANG_ANALYZER_NUMBER_OBJECT_CONVERSION = YES_AGGRESSIVE;
				CLANG_CXX_LANGUAGE_STANDARD = "gnu++14";
				CLANG_CXX_LIBRARY = "libc++";
				CLANG_ENABLE_MODULES = YES;
				CLANG_ENABLE_OBJC_ARC = YES;
				CLANG_ENABLE_OBJC_WEAK = YES;
				CLANG_WARN_BLOCK_CAPTURE_AUTORELEASING = YES;
				CLANG_WARN_BOOL_CONVERSION = YES;
				CLANG_WARN_COMMA = YES;
				CLANG_WARN_CONSTANT_CONVERSION = YES;
				CLANG_WARN_DEPRECATED_OBJC_IMPLEMENTATIONS = YES;
				CLANG_WARN_DIRECT_OBJC_ISA_USAGE = YES_ERROR;
				CLANG_WARN_DOCUMENTATION_COMMENTS = YES;
				CLANG_WARN_EMPTY_BODY = YES;
				CLANG_WARN_ENUM_CONVERSION = YES;
				CLANG_WARN_INFINITE_RECURSION = YES;
				CLANG_WARN_INT_CONVERSION = YES;
				CLANG_WARN_NON_LITERAL_NULL_CONVERSION = YES;
				CLANG_WARN_OBJC_IMPLICIT_RETAIN_SELF = YES;
				CLANG_WARN_OBJC_LITERAL_CONVERSION = YES;
				CLANG_WARN_OBJC_ROOT_CLASS = YES_ERROR;
				CLANG_WARN_RANGE_LOOP_ANALYSIS = YES;
				CLANG_WARN_STRICT_PROTOTYPES = YES;
				CLANG_WARN_SUSPICIOUS_MOVE = YES;
				CLANG_WARN_UNGUARDED_AVAILABILITY = YES_AGGRESSIVE;
				CLANG_WARN_UNREACHABLE_CODE = YES;
				CLANG_WARN__DUPLICATE_METHOD_MATCH = YES;
				CODE_SIGN_IDENTITY = "iPhone Developer";
				COPY_PHASE_STRIP = NO;
				DEBUG_INFORMATION_FORMAT = "dwarf-with-dsym";
				ENABLE_NS_ASSERTIONS = NO;
				ENABLE_STRICT_OBJC_MSGSEND = YES;
				GCC_C_LANGUAGE_STANDARD = gnu11;
				GCC_NO_COMMON_BLOCKS = YES;
				GCC_WARN_64_TO_32_BIT_CONVERSION = YES;
				GCC_WARN_ABOUT_RETURN_TYPE = YES_ERROR;
				GCC_WARN_UNDECLARED_SELECTOR = YES;
				GCC_WARN_UNINITIALIZED_AUTOS = YES_AGGRESSIVE;
				GCC_WARN_UNUSED_FUNCTION = YES;
				GCC_WARN_UNUSED_VARIABLE = YES;
				IPHONEOS_DEPLOYMENT_TARGET = 11.0;
				MTL_ENABLE_DEBUG_INFO = NO;
				MTL_FAST_MATH = YES;
				SDKROOT = iphoneos;
				SWIFT_COMPILATION_MODE = wholemodule;
				SWIFT_OPTIMIZATION_LEVEL = "-O";
				VALIDATE_PRODUCT = YES;
			};
			name = Release;
		};
		BBA4105C232343AF00631E73 /* Debug */ = {
			isa = XCBuildConfiguration;
			baseConfigurationReference = 4502A23CECBA22D1DB4B6972 /* Pods-Whatever.debug.xcconfig */;
			buildSettings = {
				ASSETCATALOG_COMPILER_APPICON_NAME = AppIcon;
				CODE_SIGN_ENTITLEMENTS = Whatever/Whatever.entitlements;
				CODE_SIGN_STYLE = Automatic;
				DEVELOPMENT_TEAM = 93AB3KFHH5;
				INFOPLIST_FILE = Whatever/Info.plist;
				IPHONEOS_DEPLOYMENT_TARGET = 11.0;
				LD_RUNPATH_SEARCH_PATHS = (
					"$(inherited)",
					"@executable_path/Frameworks",
				);
				PRODUCT_BUNDLE_IDENTIFIER = com.RetnoWidyanti.Whatever;
				PRODUCT_NAME = "$(TARGET_NAME)";
				SWIFT_VERSION = 5.0;
				TARGETED_DEVICE_FAMILY = 1;
			};
			name = Debug;
		};
		BBA4105D232343AF00631E73 /* Release */ = {
			isa = XCBuildConfiguration;
			baseConfigurationReference = 0EE8043061464FB91750F245 /* Pods-Whatever.release.xcconfig */;
			buildSettings = {
				ASSETCATALOG_COMPILER_APPICON_NAME = AppIcon;
				CODE_SIGN_ENTITLEMENTS = Whatever/Whatever.entitlements;
				CODE_SIGN_STYLE = Automatic;
				DEVELOPMENT_TEAM = 93AB3KFHH5;
				INFOPLIST_FILE = Whatever/Info.plist;
				IPHONEOS_DEPLOYMENT_TARGET = 11.0;
				LD_RUNPATH_SEARCH_PATHS = (
					"$(inherited)",
					"@executable_path/Frameworks",
				);
				PRODUCT_BUNDLE_IDENTIFIER = com.RetnoWidyanti.Whatever;
				PRODUCT_NAME = "$(TARGET_NAME)";
				SWIFT_VERSION = 5.0;
				TARGETED_DEVICE_FAMILY = 1;
			};
			name = Release;
		};
		BBA4105F232343AF00631E73 /* Debug */ = {
			isa = XCBuildConfiguration;
			buildSettings = {
				ALWAYS_EMBED_SWIFT_STANDARD_LIBRARIES = YES;
				BUNDLE_LOADER = "$(TEST_HOST)";
				CODE_SIGN_STYLE = Automatic;
				DEVELOPMENT_TEAM = 93AB3KFHH5;
				INFOPLIST_FILE = WhateverTests/Info.plist;
				LD_RUNPATH_SEARCH_PATHS = (
					"$(inherited)",
					"@executable_path/Frameworks",
					"@loader_path/Frameworks",
				);
				PRODUCT_BUNDLE_IDENTIFIER = com.RetnoWidyanti.WhateverTests;
				PRODUCT_NAME = "$(TARGET_NAME)";
				SWIFT_VERSION = 5.0;
				TARGETED_DEVICE_FAMILY = "1,2";
				TEST_HOST = "$(BUILT_PRODUCTS_DIR)/Whatever.app/Whatever";
			};
			name = Debug;
		};
		BBA41060232343AF00631E73 /* Release */ = {
			isa = XCBuildConfiguration;
			buildSettings = {
				ALWAYS_EMBED_SWIFT_STANDARD_LIBRARIES = YES;
				BUNDLE_LOADER = "$(TEST_HOST)";
				CODE_SIGN_STYLE = Automatic;
				DEVELOPMENT_TEAM = 93AB3KFHH5;
				INFOPLIST_FILE = WhateverTests/Info.plist;
				LD_RUNPATH_SEARCH_PATHS = (
					"$(inherited)",
					"@executable_path/Frameworks",
					"@loader_path/Frameworks",
				);
				PRODUCT_BUNDLE_IDENTIFIER = com.RetnoWidyanti.WhateverTests;
				PRODUCT_NAME = "$(TARGET_NAME)";
				SWIFT_VERSION = 5.0;
				TARGETED_DEVICE_FAMILY = "1,2";
				TEST_HOST = "$(BUILT_PRODUCTS_DIR)/Whatever.app/Whatever";
			};
			name = Release;
		};
/* End XCBuildConfiguration section */

/* Begin XCConfigurationList section */
		BBA41039232343AB00631E73 /* Build configuration list for PBXProject "Whatever" */ = {
			isa = XCConfigurationList;
			buildConfigurations = (
				BBA41059232343AF00631E73 /* Debug */,
				BBA4105A232343AF00631E73 /* Release */,
			);
			defaultConfigurationIsVisible = 0;
			defaultConfigurationName = Release;
		};
		BBA4105B232343AF00631E73 /* Build configuration list for PBXNativeTarget "Whatever" */ = {
			isa = XCConfigurationList;
			buildConfigurations = (
				BBA4105C232343AF00631E73 /* Debug */,
				BBA4105D232343AF00631E73 /* Release */,
			);
			defaultConfigurationIsVisible = 0;
			defaultConfigurationName = Release;
		};
		BBA4105E232343AF00631E73 /* Build configuration list for PBXNativeTarget "WhateverTests" */ = {
			isa = XCConfigurationList;
			buildConfigurations = (
				BBA4105F232343AF00631E73 /* Debug */,
				BBA41060232343AF00631E73 /* Release */,
			);
			defaultConfigurationIsVisible = 0;
			defaultConfigurationName = Release;
		};
/* End XCConfigurationList section */
	};
	rootObject = BBA41036232343AB00631E73 /* Project object */;
}
